// !$*UTF8*$!
{
	archiveVersion = 1;
	classes = {
	};
	objectVersion = 50;
	objects = {

/* Begin PBXBuildFile section */
		01EA67AD237D6E5400AD1BD4 /* AppDelegate.swift in Sources */ = {isa = PBXBuildFile; fileRef = 01EA67AC237D6E5400AD1BD4 /* AppDelegate.swift */; };
		01EA67AF237D6E5400AD1BD4 /* SceneDelegate.swift in Sources */ = {isa = PBXBuildFile; fileRef = 01EA67AE237D6E5400AD1BD4 /* SceneDelegate.swift */; };
		01EA67B4237D6E5400AD1BD4 /* Main.storyboard in Resources */ = {isa = PBXBuildFile; fileRef = 01EA67B2237D6E5400AD1BD4 /* Main.storyboard */; };
		01EA67B6237D6E5600AD1BD4 /* Assets.xcassets in Resources */ = {isa = PBXBuildFile; fileRef = 01EA67B5237D6E5600AD1BD4 /* Assets.xcassets */; };
		01EA67B9237D6E5600AD1BD4 /* LaunchScreen.storyboard in Resources */ = {isa = PBXBuildFile; fileRef = 01EA67B7237D6E5600AD1BD4 /* LaunchScreen.storyboard */; };
		01EA67C1237D6ED900AD1BD4 /* QuizzesTableViewController.swift in Sources */ = {isa = PBXBuildFile; fileRef = 01EA67C0237D6ED900AD1BD4 /* QuizzesTableViewController.swift */; };
		01EA67C4237D709B00AD1BD4 /* Quiz10Model.swift in Sources */ = {isa = PBXBuildFile; fileRef = 01EA67C3237D709B00AD1BD4 /* Quiz10Model.swift */; };
		01EA67C6237D770A00AD1BD4 /* AlertViewController.swift in Sources */ = {isa = PBXBuildFile; fileRef = 01EA67C5237D770A00AD1BD4 /* AlertViewController.swift */; };
		01EA67C8237D7A8900AD1BD4 /* ImageStore.swift in Sources */ = {isa = PBXBuildFile; fileRef = 01EA67C7237D7A8900AD1BD4 /* ImageStore.swift */; };
		01EA67CA237D833C00AD1BD4 /* QuizViewController.swift in Sources */ = {isa = PBXBuildFile; fileRef = 01EA67C9237D833C00AD1BD4 /* QuizViewController.swift */; };
/* End PBXBuildFile section */

/* Begin PBXFileReference section */
		01EA67A9237D6E5400AD1BD4 /* Practica4 clase.app */ = {isa = PBXFileReference; explicitFileType = wrapper.application; includeInIndex = 0; path = "Practica4 clase.app"; sourceTree = BUILT_PRODUCTS_DIR; };
		01EA67AC237D6E5400AD1BD4 /* AppDelegate.swift */ = {isa = PBXFileReference; lastKnownFileType = sourcecode.swift; path = AppDelegate.swift; sourceTree = "<group>"; };
		01EA67AE237D6E5400AD1BD4 /* SceneDelegate.swift */ = {isa = PBXFileReference; lastKnownFileType = sourcecode.swift; path = SceneDelegate.swift; sourceTree = "<group>"; };
		01EA67B3237D6E5400AD1BD4 /* Base */ = {isa = PBXFileReference; lastKnownFileType = file.storyboard; name = Base; path = Base.lproj/Main.storyboard; sourceTree = "<group>"; };
		01EA67B5237D6E5600AD1BD4 /* Assets.xcassets */ = {isa = PBXFileReference; lastKnownFileType = folder.assetcatalog; path = Assets.xcassets; sourceTree = "<group>"; };
		01EA67B8237D6E5600AD1BD4 /* Base */ = {isa = PBXFileReference; lastKnownFileType = file.storyboard; name = Base; path = Base.lproj/LaunchScreen.storyboard; sourceTree = "<group>"; };
		01EA67BA237D6E5600AD1BD4 /* Info.plist */ = {isa = PBXFileReference; lastKnownFileType = text.plist.xml; path = Info.plist; sourceTree = "<group>"; };
		01EA67C0237D6ED900AD1BD4 /* QuizzesTableViewController.swift */ = {isa = PBXFileReference; lastKnownFileType = sourcecode.swift; path = QuizzesTableViewController.swift; sourceTree = "<group>"; };
		01EA67C3237D709B00AD1BD4 /* Quiz10Model.swift */ = {isa = PBXFileReference; lastKnownFileType = sourcecode.swift; path = Quiz10Model.swift; sourceTree = "<group>"; };
		01EA67C5237D770A00AD1BD4 /* AlertViewController.swift */ = {isa = PBXFileReference; lastKnownFileType = sourcecode.swift; path = AlertViewController.swift; sourceTree = "<group>"; };
		01EA67C7237D7A8900AD1BD4 /* ImageStore.swift */ = {isa = PBXFileReference; lastKnownFileType = sourcecode.swift; path = ImageStore.swift; sourceTree = "<group>"; };
		01EA67C9237D833C00AD1BD4 /* QuizViewController.swift */ = {isa = PBXFileReference; lastKnownFileType = sourcecode.swift; path = QuizViewController.swift; sourceTree = "<group>"; };
/* End PBXFileReference section */

/* Begin PBXFrameworksBuildPhase section */
		01EA67A6237D6E5400AD1BD4 /* Frameworks */ = {
			isa = PBXFrameworksBuildPhase;
			buildActionMask = 2147483647;
			files = (
			);
			runOnlyForDeploymentPostprocessing = 0;
		};
/* End PBXFrameworksBuildPhase section */

/* Begin PBXGroup section */
		01EA67A0237D6E5400AD1BD4 = {
			isa = PBXGroup;
			children = (
				01EA67AB237D6E5400AD1BD4 /* Practica4 clase */,
				01EA67AA237D6E5400AD1BD4 /* Products */,
			);
			sourceTree = "<group>";
		};
		01EA67AA237D6E5400AD1BD4 /* Products */ = {
			isa = PBXGroup;
			children = (
				01EA67A9237D6E5400AD1BD4 /* Practica4 clase.app */,
			);
			name = Products;
			sourceTree = "<group>";
		};
		01EA67AB237D6E5400AD1BD4 /* Practica4 clase */ = {
			isa = PBXGroup;
			children = (
				01EA67C2237D706E00AD1BD4 /* Model */,
				01EA67AC237D6E5400AD1BD4 /* AppDelegate.swift */,
				01EA67AE237D6E5400AD1BD4 /* SceneDelegate.swift */,
				01EA67C0237D6ED900AD1BD4 /* QuizzesTableViewController.swift */,
				01EA67C9237D833C00AD1BD4 /* QuizViewController.swift */,
				01EA67B2237D6E5400AD1BD4 /* Main.storyboard */,
				01EA67B5237D6E5600AD1BD4 /* Assets.xcassets */,
				01EA67B7237D6E5600AD1BD4 /* LaunchScreen.storyboard */,
				01EA67BA237D6E5600AD1BD4 /* Info.plist */,
				01EA67C5237D770A00AD1BD4 /* AlertViewController.swift */,
				01EA67C7237D7A8900AD1BD4 /* ImageStore.swift */,
			);
			path = "Practica4 clase";
			sourceTree = "<group>";
		};
		01EA67C2237D706E00AD1BD4 /* Model */ = {
			isa = PBXGroup;
			children = (
				01EA67C3237D709B00AD1BD4 /* Quiz10Model.swift */,
			);
			path = Model;
			sourceTree = "<group>";
		};
/* End PBXGroup section */

/* Begin PBXNativeTarget section */
		01EA67A8237D6E5400AD1BD4 /* Practica4 clase */ = {
			isa = PBXNativeTarget;
			buildConfigurationList = 01EA67BD237D6E5600AD1BD4 /* Build configuration list for PBXNativeTarget "Practica4 clase" */;
			buildPhases = (
				01EA67A5237D6E5400AD1BD4 /* Sources */,
				01EA67A6237D6E5400AD1BD4 /* Frameworks */,
				01EA67A7237D6E5400AD1BD4 /* Resources */,
			);
			buildRules = (
			);
			dependencies = (
			);
			name = "Practica4 clase";
			productName = "Practica4 clase";
			productReference = 01EA67A9237D6E5400AD1BD4 /* Practica4 clase.app */;
			productType = "com.apple.product-type.application";
		};
/* End PBXNativeTarget section */

/* Begin PBXProject section */
		01EA67A1237D6E5400AD1BD4 /* Project object */ = {
			isa = PBXProject;
			attributes = {
				LastSwiftUpdateCheck = 1120;
				LastUpgradeCheck = 1120;
				ORGANIZATIONNAME = UPM;
				TargetAttributes = {
					01EA67A8237D6E5400AD1BD4 = {
						CreatedOnToolsVersion = 11.2;
					};
				};
			};
			buildConfigurationList = 01EA67A4237D6E5400AD1BD4 /* Build configuration list for PBXProject "Practica4 clase" */;
			compatibilityVersion = "Xcode 9.3";
			developmentRegion = en;
			hasScannedForEncodings = 0;
			knownRegions = (
				en,
				Base,
			);
			mainGroup = 01EA67A0237D6E5400AD1BD4;
			productRefGroup = 01EA67AA237D6E5400AD1BD4 /* Products */;
			projectDirPath = "";
			projectRoot = "";
			targets = (
				01EA67A8237D6E5400AD1BD4 /* Practica4 clase */,
			);
		};
/* End PBXProject section */

/* Begin PBXResourcesBuildPhase section */
		01EA67A7237D6E5400AD1BD4 /* Resources */ = {
			isa = PBXResourcesBuildPhase;
			buildActionMask = 2147483647;
			files = (
				01EA67B9237D6E5600AD1BD4 /* LaunchScreen.storyboard in Resources */,
				01EA67B6237D6E5600AD1BD4 /* Assets.xcassets in Resources */,
				01EA67B4237D6E5400AD1BD4 /* Main.storyboard in Resources */,
			);
			runOnlyForDeploymentPostprocessing = 0;
		};
/* End PBXResourcesBuildPhase section */

/* Begin PBXSourcesBuildPhase section */
		01EA67A5237D6E5400AD1BD4 /* Sources */ = {
			isa = PBXSourcesBuildPhase;
			buildActionMask = 2147483647;
			files = (
				01EA67AD237D6E5400AD1BD4 /* AppDelegate.swift in Sources */,
				01EA67CA237D833C00AD1BD4 /* QuizViewController.swift in Sources */,
				01EA67C1237D6ED900AD1BD4 /* QuizzesTableViewController.swift in Sources */,
				01EA67AF237D6E5400AD1BD4 /* SceneDelegate.swift in Sources */,
				01EA67C6237D770A00AD1BD4 /* AlertViewController.swift in Sources */,
				01EA67C4237D709B00AD1BD4 /* Quiz10Model.swift in Sources */,
				01EA67C8237D7A8900AD1BD4 /* ImageStore.swift in Sources */,
			);
			runOnlyForDeploymentPostprocessing = 0;
		};
/* End PBXSourcesBuildPhase section */

/* Begin PBXVariantGroup section */
		01EA67B2237D6E5400AD1BD4 /* Main.storyboard */ = {
			isa = PBXVariantGroup;
			children = (
				01EA67B3237D6E5400AD1BD4 /* Base */,
			);
			name = Main.storyboard;
			sourceTree = "<group>";
		};
		01EA67B7237D6E5600AD1BD4 /* LaunchScreen.storyboard */ = {
			isa = PBXVariantGroup;
			children = (
				01EA67B8237D6E5600AD1BD4 /* Base */,
			);
			name = LaunchScreen.storyboard;
			sourceTree = "<group>";
		};
/* End PBXVariantGroup section */

/* Begin XCBuildConfiguration section */
		01EA67BB237D6E5600AD1BD4 /* Debug */ = {
			isa = XCBuildConfiguration;
			buildSettings = {
				ALWAYS_SEARCH_USER_PATHS = NO;
				CLANG_ANALYZER_NONNULL = YES;
				CLANG_ANALYZER_NUMBER_OBJECT_CONVERSION = YES_AGGRESSIVE;
				CLANG_CXX_LANGUAGE_STANDARD = "gnu++14";
				CLANG_CXX_LIBRARY = "libc++";
				CLANG_ENABLE_MODULES = YES;
				CLANG_ENABLE_OBJC_ARC = YES;
				CLANG_ENABLE_OBJC_WEAK = YES;
				CLANG_WARN_BLOCK_CAPTURE_AUTORELEASING = YES;
				CLANG_WARN_BOOL_CONVERSION = YES;
				CLANG_WARN_COMMA = YES;
				CLANG_WARN_CONSTANT_CONVERSION = YES;
				CLANG_WARN_DEPRECATED_OBJC_IMPLEMENTATIONS = YES;
				CLANG_WARN_DIRECT_OBJC_ISA_USAGE = YES_ERROR;
				CLANG_WARN_DOCUMENTATION_COMMENTS = YES;
				CLANG_WARN_EMPTY_BODY = YES;
				CLANG_WARN_ENUM_CONVERSION = YES;
				CLANG_WARN_INFINITE_RECURSION = YES;
				CLANG_WARN_INT_CONVERSION = YES;
				CLANG_WARN_NON_LITERAL_NULL_CONVERSION = YES;
				CLANG_WARN_OBJC_IMPLICIT_RETAIN_SELF = YES;
				CLANG_WARN_OBJC_LITERAL_CONVERSION = YES;
				CLANG_WARN_OBJC_ROOT_CLASS = YES_ERROR;
				CLANG_WARN_RANGE_LOOP_ANALYSIS = YES;
				CLANG_WARN_STRICT_PROTOTYPES = YES;
				CLANG_WARN_SUSPICIOUS_MOVE = YES;
				CLANG_WARN_UNGUARDED_AVAILABILITY = YES_AGGRESSIVE;
				CLANG_WARN_UNREACHABLE_CODE = YES;
				CLANG_WARN__DUPLICATE_METHOD_MATCH = YES;
				COPY_PHASE_STRIP = NO;
				DEBUG_INFORMATION_FORMAT = dwarf;
				ENABLE_STRICT_OBJC_MSGSEND = YES;
				ENABLE_TESTABILITY = YES;
				GCC_C_LANGUAGE_STANDARD = gnu11;
				GCC_DYNAMIC_NO_PIC = NO;
				GCC_NO_COMMON_BLOCKS = YES;
				GCC_OPTIMIZATION_LEVEL = 0;
				GCC_PREPROCESSOR_DEFINITIONS = (
					"DEBUG=1",
					"$(inherited)",
				);
				GCC_WARN_64_TO_32_BIT_CONVERSION = YES;
				GCC_WARN_ABOUT_RETURN_TYPE = YES_ERROR;
				GCC_WARN_UNDECLARED_SELECTOR = YES;
				GCC_WARN_UNINITIALIZED_AUTOS = YES_AGGRESSIVE;
				GCC_WARN_UNUSED_FUNCTION = YES;
				GCC_WARN_UNUSED_VARIABLE = YES;
				IPHONEOS_DEPLOYMENT_TARGET = 13.2;
				MTL_ENABLE_DEBUG_INFO = INCLUDE_SOURCE;
				MTL_FAST_MATH = YES;
				ONLY_ACTIVE_ARCH = YES;
				SDKROOT = iphoneos;
				SWIFT_ACTIVE_COMPILATION_CONDITIONS = DEBUG;
				SWIFT_OPTIMIZATION_LEVEL = "-Onone";
			};
			name = Debug;
		};
		01EA67BC237D6E5600AD1BD4 /* Release */ = {
			isa = XCBuildConfiguration;
			buildSettings = {
				ALWAYS_SEARCH_USER_PATHS = NO;
				CLANG_ANALYZER_NONNULL = YES;
				CLANG_ANALYZER_NUMBER_OBJECT_CONVERSION = YES_AGGRESSIVE;
				CLANG_CXX_LANGUAGE_STANDARD = "gnu++14";
				CLANG_CXX_LIBRARY = "libc++";
				CLANG_ENABLE_MODULES = YES;
				CLANG_ENABLE_OBJC_ARC = YES;
				CLANG_ENABLE_OBJC_WEAK = YES;
				CLANG_WARN_BLOCK_CAPTURE_AUTORELEASING = YES;
				CLANG_WARN_BOOL_CONVERSION = YES;
				CLANG_WARN_COMMA = YES;
				CLANG_WARN_CONSTANT_CONVERSION = YES;
				CLANG_WARN_DEPRECATED_OBJC_IMPLEMENTATIONS = YES;
				CLANG_WARN_DIRECT_OBJC_ISA_USAGE = YES_ERROR;
				CLANG_WARN_DOCUMENTATION_COMMENTS = YES;
				CLANG_WARN_EMPTY_BODY = YES;
				CLANG_WARN_ENUM_CONVERSION = YES;
				CLANG_WARN_INFINITE_RECURSION = YES;
				CLANG_WARN_INT_CONVERSION = YES;
				CLANG_WARN_NON_LITERAL_NULL_CONVERSION = YES;
				CLANG_WARN_OBJC_IMPLICIT_RETAIN_SELF = YES;
				CLANG_WARN_OBJC_LITERAL_CONVERSION = YES;
				CLANG_WARN_OBJC_ROOT_CLASS = YES_ERROR;
				CLANG_WARN_RANGE_LOOP_ANALYSIS = YES;
				CLANG_WARN_STRICT_PROTOTYPES = YES;
				CLANG_WARN_SUSPICIOUS_MOVE = YES;
				CLANG_WARN_UNGUARDED_AVAILABILITY = YES_AGGRESSIVE;
				CLANG_WARN_UNREACHABLE_CODE = YES;
				CLANG_WARN__DUPLICATE_METHOD_MATCH = YES;
				COPY_PHASE_STRIP = NO;
				DEBUG_INFORMATION_FORMAT = "dwarf-with-dsym";
				ENABLE_NS_ASSERTIONS = NO;
				ENABLE_STRICT_OBJC_MSGSEND = YES;
				GCC_C_LANGUAGE_STANDARD = gnu11;
				GCC_NO_COMMON_BLOCKS = YES;
				GCC_WARN_64_TO_32_BIT_CONVERSION = YES;
				GCC_WARN_ABOUT_RETURN_TYPE = YES_ERROR;
				GCC_WARN_UNDECLARED_SELECTOR = YES;
				GCC_WARN_UNINITIALIZED_AUTOS = YES_AGGRESSIVE;
				GCC_WARN_UNUSED_FUNCTION = YES;
				GCC_WARN_UNUSED_VARIABLE = YES;
				IPHONEOS_DEPLOYMENT_TARGET = 13.2;
				MTL_ENABLE_DEBUG_INFO = NO;
				MTL_FAST_MATH = YES;
				SDKROOT = iphoneos;
				SWIFT_COMPILATION_MODE = wholemodule;
				SWIFT_OPTIMIZATION_LEVEL = "-O";
				VALIDATE_PRODUCT = YES;
			};
			name = Release;
		};
		01EA67BE237D6E5600AD1BD4 /* Debug */ = {
			isa = XCBuildConfiguration;
			buildSettings = {
				ASSETCATALOG_COMPILER_APPICON_NAME = AppIcon;
				CODE_SIGN_STYLE = Automatic;
				DEVELOPMENT_TEAM = KPM49AEN7S;
				INFOPLIST_FILE = "Practica4 clase/Info.plist";
				LD_RUNPATH_SEARCH_PATHS = (
					"$(inherited)",
					"@executable_path/Frameworks",
				);
				PRODUCT_BUNDLE_IDENTIFIER = "es.upm.Practica4-clase";
				PRODUCT_NAME = "$(TARGET_NAME)";
				SWIFT_VERSION = 5.0;
				TARGETED_DEVICE_FAMILY = "1,2";
			};
			name = Debug;
		};
		01EA67BF237D6E5600AD1BD4 /* Release */ = {
			isa = XCBuildConfiguration;
			buildSettings = {
				ASSETCATALOG_COMPILER_APPICON_NAME = AppIcon;
				CODE_SIGN_STYLE = Automatic;
				DEVELOPMENT_TEAM = KPM49AEN7S;
				INFOPLIST_FILE = "Practica4 clase/Info.plist";
				LD_RUNPATH_SEARCH_PATHS = (
					"$(inherited)",
					"@executable_path/Frameworks",
				);
				PRODUCT_BUNDLE_IDENTIFIER = "es.upm.Practica4-clase";
				PRODUCT_NAME = "$(TARGET_NAME)";
				SWIFT_VERSION = 5.0;
				TARGETED_DEVICE_FAMILY = "1,2";
			};
			name = Release;
		};
/* End XCBuildConfiguration section */

/* Begin XCConfigurationList section */
		01EA67A4237D6E5400AD1BD4 /* Build configuration list for PBXProject "Practica4 clase" */ = {
			isa = XCConfigurationList;
			buildConfigurations = (
				01EA67BB237D6E5600AD1BD4 /* Debug */,
				01EA67BC237D6E5600AD1BD4 /* Release */,
			);
			defaultConfigurationIsVisible = 0;
			defaultConfigurationName = Release;
		};
		01EA67BD237D6E5600AD1BD4 /* Build configuration list for PBXNativeTarget "Practica4 clase" */ = {
			isa = XCConfigurationList;
			buildConfigurations = (
				01EA67BE237D6E5600AD1BD4 /* Debug */,
				01EA67BF237D6E5600AD1BD4 /* Release */,
			);
			defaultConfigurationIsVisible = 0;
			defaultConfigurationName = Release;
		};
/* End XCConfigurationList section */
	};
	rootObject = 01EA67A1237D6E5400AD1BD4 /* Project object */;
}
